
Microsoft Visual Studio Solution File, Format Version 12.00
Project("{FAE04EC0-301F-11D3-BF4B-00C04F79EFBC}") = "Tutorial9", "Tutorial9\Tutorial9.csproj", "{8573C035-EE78-4A9B-BBAA-34E271EAA260}"
EndProject
Global
	GlobalSection(SolutionConfigurationPlatforms) = preSolution
		Debug|Any CPU = Debug|Any CPU
		Release|Any CPU = Release|Any CPU
	EndGlobalSection
	GlobalSection(ProjectConfigurationPlatforms) = postSolution
		{8573C035-EE78-4A9B-BBAA-34E271EAA260}.Debug|Any CPU.ActiveCfg = Debug|Any CPU
		{8573C035-EE78-4A9B-BBAA-34E271EAA260}.Debug|Any CPU.Build.0 = Debug|Any CPU
		{8573C035-EE78-4A9B-BBAA-34E271EAA260}.Release|Any CPU.ActiveCfg = Release|Any CPU
		{8573C035-EE78-4A9B-BBAA-34E271EAA260}.Release|Any CPU.Build.0 = Release|Any CPU
	EndGlobalSection
EndGlobal
